
Microsoft Visual Studio Solution File, Format Version 12.00
# Visual Studio 15
VisualStudioVersion = 15.0.28010.2036
MinimumVisualStudioVersion = 10.0.40219.1
Project("{9A19103F-16F7-4668-BE54-9A1E7A4F7556}") = "res_api_aspnetcore", "res_api_aspnetcore.csproj", "{76040277-18E1-423E-938B-AE9DF95739F2}"
EndProject
Global
	GlobalSection(SolutionConfigurationPlatforms) = preSolution
		Debug|Any CPU = Debug|Any CPU
		Release|Any CPU = Release|Any CPU
	EndGlobalSection
	GlobalSection(ProjectConfigurationPlatforms) = postSolution
		{76040277-18E1-423E-938B-AE9DF95739F2}.Debug|Any CPU.ActiveCfg = Debug|Any CPU
		{76040277-18E1-423E-938B-AE9DF95739F2}.Debug|Any CPU.Build.0 = Debug|Any CPU
		{76040277-18E1-423E-938B-AE9DF95739F2}.Release|Any CPU.ActiveCfg = Release|Any CPU
		{76040277-18E1-423E-938B-AE9DF95739F2}.Release|Any CPU.Build.0 = Release|Any CPU
	EndGlobalSection
	GlobalSection(SolutionProperties) = preSolution
		HideSolutionNode = FALSE
	EndGlobalSection
	GlobalSection(ExtensibilityGlobals) = postSolution
		SolutionGuid = {CCDB0F6F-CA81-408F-B393-4CA4CC92BFA2}
	EndGlobalSection
EndGlobal
